
Microsoft Visual Studio Solution File, Format Version 12.00
# Visual Studio 15
VisualStudioVersion = 15.0.26403.7
MinimumVisualStudioVersion = 10.0.40219.1
Project("{FAE04EC0-301F-11D3-BF4B-00C04F79EFBC}") = "Hyc.Model", "Hyc.Model\Hyc.Model.csproj", "{99135C52-5B06-4EF0-A485-3251AE253C25}"
EndProject
Project("{FAE04EC0-301F-11D3-BF4B-00C04F79EFBC}") = "Hyc.Admin", "Hyc.Admin\Hyc.Admin.csproj", "{C8FB12E7-6786-45BD-B92B-C48B0B5CA13A}"
EndProject
Project("{FAE04EC0-301F-11D3-BF4B-00C04F79EFBC}") = "Hyc.Repository", "Hyc.Repository\Hyc.Repository.csproj", "{2374AB3F-B896-4B92-BED0-011C662ADB45}"
EndProject
Project("{FAE04EC0-301F-11D3-BF4B-00C04F79EFBC}") = "Hyc.Api", "Hyc.Api\Hyc.Api.csproj", "{FBF35E18-185B-4855-8C79-226AC819D20C}"
EndProject
Project("{FAE04EC0-301F-11D3-BF4B-00C04F79EFBC}") = "Hyc.Service", "Hyc.Service\Hyc.Service.csproj", "{D17E9C12-3828-40CF-8A6E-382324E4E851}"
EndProject
Project("{FAE04EC0-301F-11D3-BF4B-00C04F79EFBC}") = "Hyc.AppServices", "Hyc.AppServices\Hyc.AppServices.csproj", "{65433078-8903-44CF-8987-EDEFE7D03972}"
EndProject
Global
	GlobalSection(SolutionConfigurationPlatforms) = preSolution
		Debug|Any CPU = Debug|Any CPU
		Release|Any CPU = Release|Any CPU
	EndGlobalSection
	GlobalSection(ProjectConfigurationPlatforms) = postSolution
		{99135C52-5B06-4EF0-A485-3251AE253C25}.Debug|Any CPU.ActiveCfg = Debug|Any CPU
		{99135C52-5B06-4EF0-A485-3251AE253C25}.Debug|Any CPU.Build.0 = Debug|Any CPU
		{99135C52-5B06-4EF0-A485-3251AE253C25}.Release|Any CPU.ActiveCfg = Release|Any CPU
		{99135C52-5B06-4EF0-A485-3251AE253C25}.Release|Any CPU.Build.0 = Release|Any CPU
		{C8FB12E7-6786-45BD-B92B-C48B0B5CA13A}.Debug|Any CPU.ActiveCfg = Debug|Any CPU
		{C8FB12E7-6786-45BD-B92B-C48B0B5CA13A}.Debug|Any CPU.Build.0 = Debug|Any CPU
		{C8FB12E7-6786-45BD-B92B-C48B0B5CA13A}.Release|Any CPU.ActiveCfg = Release|Any CPU
		{C8FB12E7-6786-45BD-B92B-C48B0B5CA13A}.Release|Any CPU.Build.0 = Release|Any CPU
		{2374AB3F-B896-4B92-BED0-011C662ADB45}.Debug|Any CPU.ActiveCfg = Debug|Any CPU
		{2374AB3F-B896-4B92-BED0-011C662ADB45}.Debug|Any CPU.Build.0 = Debug|Any CPU
		{2374AB3F-B896-4B92-BED0-011C662ADB45}.Release|Any CPU.ActiveCfg = Release|Any CPU
		{2374AB3F-B896-4B92-BED0-011C662ADB45}.Release|Any CPU.Build.0 = Release|Any CPU
		{FBF35E18-185B-4855-8C79-226AC819D20C}.Debug|Any CPU.ActiveCfg = Debug|Any CPU
		{FBF35E18-185B-4855-8C79-226AC819D20C}.Debug|Any CPU.Build.0 = Debug|Any CPU
		{FBF35E18-185B-4855-8C79-226AC819D20C}.Release|Any CPU.ActiveCfg = Release|Any CPU
		{FBF35E18-185B-4855-8C79-226AC819D20C}.Release|Any CPU.Build.0 = Release|Any CPU
		{D17E9C12-3828-40CF-8A6E-382324E4E851}.Debug|Any CPU.ActiveCfg = Debug|Any CPU
		{D17E9C12-3828-40CF-8A6E-382324E4E851}.Debug|Any CPU.Build.0 = Debug|Any CPU
		{D17E9C12-3828-40CF-8A6E-382324E4E851}.Release|Any CPU.ActiveCfg = Release|Any CPU
		{D17E9C12-3828-40CF-8A6E-382324E4E851}.Release|Any CPU.Build.0 = Release|Any CPU
		{65433078-8903-44CF-8987-EDEFE7D03972}.Debug|Any CPU.ActiveCfg = Debug|Any CPU
		{65433078-8903-44CF-8987-EDEFE7D03972}.Debug|Any CPU.Build.0 = Debug|Any CPU
		{65433078-8903-44CF-8987-EDEFE7D03972}.Release|Any CPU.ActiveCfg = Release|Any CPU
		{65433078-8903-44CF-8987-EDEFE7D03972}.Release|Any CPU.Build.0 = Release|Any CPU
	EndGlobalSection
	GlobalSection(SolutionProperties) = preSolution
		HideSolutionNode = FALSE
	EndGlobalSection
EndGlobal
